// !$*UTF8*$!
{
	archiveVersion = 1;
	classes = {
	};
	objectVersion = 46;
	objects = {

/* Begin PBXBuildFile section */
		5CD3175E1AA7CBBE00C8A33E /* AppDelegate.swift in Sources */ = {isa = PBXBuildFile; fileRef = 5CD3175D1AA7CBBE00C8A33E /* AppDelegate.swift */; };
		5CD317611AA7CBBE00C8A33E /* FlipImage.xcdatamodeld in Sources */ = {isa = PBXBuildFile; fileRef = 5CD3175F1AA7CBBE00C8A33E /* FlipImage.xcdatamodeld */; };
		5CD317631AA7CBBE00C8A33E /* ViewController.swift in Sources */ = {isa = PBXBuildFile; fileRef = 5CD317621AA7CBBE00C8A33E /* ViewController.swift */; };
		5CD317661AA7CBBE00C8A33E /* Main.storyboard in Resources */ = {isa = PBXBuildFile; fileRef = 5CD317641AA7CBBE00C8A33E /* Main.storyboard */; };
		5CD317681AA7CBBE00C8A33E /* Images.xcassets in Resources */ = {isa = PBXBuildFile; fileRef = 5CD317671AA7CBBE00C8A33E /* Images.xcassets */; };
		5CD3176B1AA7CBBE00C8A33E /* LaunchScreen.xib in Resources */ = {isa = PBXBuildFile; fileRef = 5CD317691AA7CBBE00C8A33E /* LaunchScreen.xib */; };
		5CD317771AA7CBBF00C8A33E /* FlipImageTests.swift in Sources */ = {isa = PBXBuildFile; fileRef = 5CD317761AA7CBBF00C8A33E /* FlipImageTests.swift */; };
		5CD317821AA7CBDF00C8A33E /* back.png in Resources */ = {isa = PBXBuildFile; fileRef = 5CD317801AA7CBDF00C8A33E /* back.png */; };
		5CD317831AA7CBDF00C8A33E /* front.png in Resources */ = {isa = PBXBuildFile; fileRef = 5CD317811AA7CBDF00C8A33E /* front.png */; };
/* End PBXBuildFile section */

/* Begin PBXContainerItemProxy section */
		5CD317711AA7CBBE00C8A33E /* PBXContainerItemProxy */ = {
			isa = PBXContainerItemProxy;
			containerPortal = 5CD317501AA7CBBE00C8A33E /* Project object */;
			proxyType = 1;
			remoteGlobalIDString = 5CD317571AA7CBBE00C8A33E;
			remoteInfo = FlipImage;
		};
/* End PBXContainerItemProxy section */

/* Begin PBXFileReference section */
		5CD317581AA7CBBE00C8A33E /* FlipImage.app */ = {isa = PBXFileReference; explicitFileType = wrapper.application; includeInIndex = 0; path = FlipImage.app; sourceTree = BUILT_PRODUCTS_DIR; };
		5CD3175C1AA7CBBE00C8A33E /* Info.plist */ = {isa = PBXFileReference; lastKnownFileType = text.plist.xml; path = Info.plist; sourceTree = "<group>"; };
		5CD3175D1AA7CBBE00C8A33E /* AppDelegate.swift */ = {isa = PBXFileReference; lastKnownFileType = sourcecode.swift; path = AppDelegate.swift; sourceTree = "<group>"; };
		5CD317601AA7CBBE00C8A33E /* FlipImage.xcdatamodel */ = {isa = PBXFileReference; lastKnownFileType = wrapper.xcdatamodel; path = FlipImage.xcdatamodel; sourceTree = "<group>"; };
		5CD317621AA7CBBE00C8A33E /* ViewController.swift */ = {isa = PBXFileReference; lastKnownFileType = sourcecode.swift; path = ViewController.swift; sourceTree = "<group>"; };
		5CD317651AA7CBBE00C8A33E /* Base */ = {isa = PBXFileReference; lastKnownFileType = file.storyboard; name = Base; path = Base.lproj/Main.storyboard; sourceTree = "<group>"; };
		5CD317671AA7CBBE00C8A33E /* Images.xcassets */ = {isa = PBXFileReference; lastKnownFileType = folder.assetcatalog; path = Images.xcassets; sourceTree = "<group>"; };
		5CD3176A1AA7CBBE00C8A33E /* Base */ = {isa = PBXFileReference; lastKnownFileType = file.xib; name = Base; path = Base.lproj/LaunchScreen.xib; sourceTree = "<group>"; };
		5CD317701AA7CBBE00C8A33E /* FlipImageTests.xctest */ = {isa = PBXFileReference; explicitFileType = wrapper.cfbundle; includeInIndex = 0; path = FlipImageTests.xctest; sourceTree = BUILT_PRODUCTS_DIR; };
		5CD317751AA7CBBF00C8A33E /* Info.plist */ = {isa = PBXFileReference; lastKnownFileType = text.plist.xml; path = Info.plist; sourceTree = "<group>"; };
		5CD317761AA7CBBF00C8A33E /* FlipImageTests.swift */ = {isa = PBXFileReference; lastKnownFileType = sourcecode.swift; path = FlipImageTests.swift; sourceTree = "<group>"; };
		5CD317801AA7CBDF00C8A33E /* back.png */ = {isa = PBXFileReference; lastKnownFileType = image.png; path = back.png; sourceTree = "<group>"; };
		5CD317811AA7CBDF00C8A33E /* front.png */ = {isa = PBXFileReference; lastKnownFileType = image.png; path = front.png; sourceTree = "<group>"; };
/* End PBXFileReference section */

/* Begin PBXFrameworksBuildPhase section */
		5CD317551AA7CBBE00C8A33E /* Frameworks */ = {
			isa = PBXFrameworksBuildPhase;
			buildActionMask = 2147483647;
			files = (
			);
			runOnlyForDeploymentPostprocessing = 0;
		};
		5CD3176D1AA7CBBE00C8A33E /* Frameworks */ = {
			isa = PBXFrameworksBuildPhase;
			buildActionMask = 2147483647;
			files = (
			);
			runOnlyForDeploymentPostprocessing = 0;
		};
/* End PBXFrameworksBuildPhase section */

/* Begin PBXGroup section */
		5CD3174F1AA7CBBE00C8A33E = {
			isa = PBXGroup;
			children = (
				5CD3175A1AA7CBBE00C8A33E /* FlipImage */,
				5CD317731AA7CBBF00C8A33E /* FlipImageTests */,
				5CD317591AA7CBBE00C8A33E /* Products */,
			);
			sourceTree = "<group>";
		};
		5CD317591AA7CBBE00C8A33E /* Products */ = {
			isa = PBXGroup;
			children = (
				5CD317581AA7CBBE00C8A33E /* FlipImage.app */,
				5CD317701AA7CBBE00C8A33E /* FlipImageTests.xctest */,
			);
			name = Products;
			sourceTree = "<group>";
		};
		5CD3175A1AA7CBBE00C8A33E /* FlipImage */ = {
			isa = PBXGroup;
			children = (
				5CD3175D1AA7CBBE00C8A33E /* AppDelegate.swift */,
				5CD317621AA7CBBE00C8A33E /* ViewController.swift */,
				5CD317641AA7CBBE00C8A33E /* Main.storyboard */,
				5CD317671AA7CBBE00C8A33E /* Images.xcassets */,
				5CD317691AA7CBBE00C8A33E /* LaunchScreen.xib */,
				5CD3175F1AA7CBBE00C8A33E /* FlipImage.xcdatamodeld */,
				5CD3175B1AA7CBBE00C8A33E /* Supporting Files */,
			);
			path = FlipImage;
			sourceTree = "<group>";
		};
		5CD3175B1AA7CBBE00C8A33E /* Supporting Files */ = {
			isa = PBXGroup;
			children = (
				5CD317801AA7CBDF00C8A33E /* back.png */,
				5CD317811AA7CBDF00C8A33E /* front.png */,
				5CD3175C1AA7CBBE00C8A33E /* Info.plist */,
			);
			name = "Supporting Files";
			sourceTree = "<group>";
		};
		5CD317731AA7CBBF00C8A33E /* FlipImageTests */ = {
			isa = PBXGroup;
			children = (
				5CD317761AA7CBBF00C8A33E /* FlipImageTests.swift */,
				5CD317741AA7CBBF00C8A33E /* Supporting Files */,
			);
			path = FlipImageTests;
			sourceTree = "<group>";
		};
		5CD317741AA7CBBF00C8A33E /* Supporting Files */ = {
			isa = PBXGroup;
			children = (
				5CD317751AA7CBBF00C8A33E /* Info.plist */,
			);
			name = "Supporting Files";
			sourceTree = "<group>";
		};
/* End PBXGroup section */

/* Begin PBXNativeTarget section */
		5CD317571AA7CBBE00C8A33E /* FlipImage */ = {
			isa = PBXNativeTarget;
			buildConfigurationList = 5CD3177A1AA7CBBF00C8A33E /* Build configuration list for PBXNativeTarget "FlipImage" */;
			buildPhases = (
				5CD317541AA7CBBE00C8A33E /* Sources */,
				5CD317551AA7CBBE00C8A33E /* Frameworks */,
				5CD317561AA7CBBE00C8A33E /* Resources */,
			);
			buildRules = (
			);
			dependencies = (
			);
			name = FlipImage;
			productName = FlipImage;
			productReference = 5CD317581AA7CBBE00C8A33E /* FlipImage.app */;
			productType = "com.apple.product-type.application";
		};
		5CD3176F1AA7CBBE00C8A33E /* FlipImageTests */ = {
			isa = PBXNativeTarget;
			buildConfigurationList = 5CD3177D1AA7CBBF00C8A33E /* Build configuration list for PBXNativeTarget "FlipImageTests" */;
			buildPhases = (
				5CD3176C1AA7CBBE00C8A33E /* Sources */,
				5CD3176D1AA7CBBE00C8A33E /* Frameworks */,
				5CD3176E1AA7CBBE00C8A33E /* Resources */,
			);
			buildRules = (
			);
			dependencies = (
				5CD317721AA7CBBE00C8A33E /* PBXTargetDependency */,
			);
			name = FlipImageTests;
			productName = FlipImageTests;
			productReference = 5CD317701AA7CBBE00C8A33E /* FlipImageTests.xctest */;
			productType = "com.apple.product-type.bundle.unit-test";
		};
/* End PBXNativeTarget section */

/* Begin PBXProject section */
		5CD317501AA7CBBE00C8A33E /* Project object */ = {
			isa = PBXProject;
			attributes = {
				LastUpgradeCheck = 0610;
				ORGANIZATIONNAME = "Joshua O'Connor";
				TargetAttributes = {
					5CD317571AA7CBBE00C8A33E = {
						CreatedOnToolsVersion = 6.1.1;
					};
					5CD3176F1AA7CBBE00C8A33E = {
						CreatedOnToolsVersion = 6.1.1;
						TestTargetID = 5CD317571AA7CBBE00C8A33E;
					};
				};
			};
			buildConfigurationList = 5CD317531AA7CBBE00C8A33E /* Build configuration list for PBXProject "FlipImage" */;
			compatibilityVersion = "Xcode 3.2";
			developmentRegion = English;
			hasScannedForEncodings = 0;
			knownRegions = (
				en,
				Base,
			);
			mainGroup = 5CD3174F1AA7CBBE00C8A33E;
			productRefGroup = 5CD317591AA7CBBE00C8A33E /* Products */;
			projectDirPath = "";
			projectRoot = "";
			targets = (
				5CD317571AA7CBBE00C8A33E /* FlipImage */,
				5CD3176F1AA7CBBE00C8A33E /* FlipImageTests */,
			);
		};
/* End PBXProject section */

/* Begin PBXResourcesBuildPhase section */
		5CD317561AA7CBBE00C8A33E /* Resources */ = {
			isa = PBXResourcesBuildPhase;
			buildActionMask = 2147483647;
			files = (
				5CD317821AA7CBDF00C8A33E /* back.png in Resources */,
				5CD317661AA7CBBE00C8A33E /* Main.storyboard in Resources */,
				5CD3176B1AA7CBBE00C8A33E /* LaunchScreen.xib in Resources */,
				5CD317831AA7CBDF00C8A33E /* front.png in Resources */,
				5CD317681AA7CBBE00C8A33E /* Images.xcassets in Resources */,
			);
			runOnlyForDeploymentPostprocessing = 0;
		};
		5CD3176E1AA7CBBE00C8A33E /* Resources */ = {
			isa = PBXResourcesBuildPhase;
			buildActionMask = 2147483647;
			files = (
			);
			runOnlyForDeploymentPostprocessing = 0;
		};
/* End PBXResourcesBuildPhase section */

/* Begin PBXSourcesBuildPhase section */
		5CD317541AA7CBBE00C8A33E /* Sources */ = {
			isa = PBXSourcesBuildPhase;
			buildActionMask = 2147483647;
			files = (
				5CD317631AA7CBBE00C8A33E /* ViewController.swift in Sources */,
				5CD317611AA7CBBE00C8A33E /* FlipImage.xcdatamodeld in Sources */,
				5CD3175E1AA7CBBE00C8A33E /* AppDelegate.swift in Sources */,
			);
			runOnlyForDeploymentPostprocessing = 0;
		};
		5CD3176C1AA7CBBE00C8A33E /* Sources */ = {
			isa = PBXSourcesBuildPhase;
			buildActionMask = 2147483647;
			files = (
				5CD317771AA7CBBF00C8A33E /* FlipImageTests.swift in Sources */,
			);
			runOnlyForDeploymentPostprocessing = 0;
		};
/* End PBXSourcesBuildPhase section */

/* Begin PBXTargetDependency section */
		5CD317721AA7CBBE00C8A33E /* PBXTargetDependency */ = {
			isa = PBXTargetDependency;
			target = 5CD317571AA7CBBE00C8A33E /* FlipImage */;
			targetProxy = 5CD317711AA7CBBE00C8A33E /* PBXContainerItemProxy */;
		};
/* End PBXTargetDependency section */

/* Begin PBXVariantGroup section */
		5CD317641AA7CBBE00C8A33E /* Main.storyboard */ = {
			isa = PBXVariantGroup;
			children = (
				5CD317651AA7CBBE00C8A33E /* Base */,
			);
			name = Main.storyboard;
			sourceTree = "<group>";
		};
		5CD317691AA7CBBE00C8A33E /* LaunchScreen.xib */ = {
			isa = PBXVariantGroup;
			children = (
				5CD3176A1AA7CBBE00C8A33E /* Base */,
			);
			name = LaunchScreen.xib;
			sourceTree = "<group>";
		};
/* End PBXVariantGroup section */

/* Begin XCBuildConfiguration section */
		5CD317781AA7CBBF00C8A33E /* Debug */ = {
			isa = XCBuildConfiguration;
			buildSettings = {
				ALWAYS_SEARCH_USER_PATHS = NO;
				CLANG_CXX_LANGUAGE_STANDARD = "gnu++0x";
				CLANG_CXX_LIBRARY = "libc++";
				CLANG_ENABLE_MODULES = YES;
				CLANG_ENABLE_OBJC_ARC = YES;
				CLANG_WARN_BOOL_CONVERSION = YES;
				CLANG_WARN_CONSTANT_CONVERSION = YES;
				CLANG_WARN_DIRECT_OBJC_ISA_USAGE = YES_ERROR;
				CLANG_WARN_EMPTY_BODY = YES;
				CLANG_WARN_ENUM_CONVERSION = YES;
				CLANG_WARN_INT_CONVERSION = YES;
				CLANG_WARN_OBJC_ROOT_CLASS = YES_ERROR;
				CLANG_WARN_UNREACHABLE_CODE = YES;
				CLANG_WARN__DUPLICATE_METHOD_MATCH = YES;
				"CODE_SIGN_IDENTITY[sdk=iphoneos*]" = "iPhone Developer";
				COPY_PHASE_STRIP = NO;
				ENABLE_STRICT_OBJC_MSGSEND = YES;
				GCC_C_LANGUAGE_STANDARD = gnu99;
				GCC_DYNAMIC_NO_PIC = NO;
				GCC_OPTIMIZATION_LEVEL = 0;
				GCC_PREPROCESSOR_DEFINITIONS = (
					"DEBUG=1",
					"$(inherited)",
				);
				GCC_SYMBOLS_PRIVATE_EXTERN = NO;
				GCC_WARN_64_TO_32_BIT_CONVERSION = YES;
				GCC_WARN_ABOUT_RETURN_TYPE = YES_ERROR;
				GCC_WARN_UNDECLARED_SELECTOR = YES;
				GCC_WARN_UNINITIALIZED_AUTOS = YES_AGGRESSIVE;
				GCC_WARN_UNUSED_FUNCTION = YES;
				GCC_WARN_UNUSED_VARIABLE = YES;
				IPHONEOS_DEPLOYMENT_TARGET = 8.1;
				MTL_ENABLE_DEBUG_INFO = YES;
				ONLY_ACTIVE_ARCH = YES;
				SDKROOT = iphoneos;
				SWIFT_OPTIMIZATION_LEVEL = "-Onone";
				TARGETED_DEVICE_FAMILY = "1,2";
			};
			name = Debug;
		};
		5CD317791AA7CBBF00C8A33E /* Release */ = {
			isa = XCBuildConfiguration;
			buildSettings = {
				ALWAYS_SEARCH_USER_PATHS = NO;
				CLANG_CXX_LANGUAGE_STANDARD = "gnu++0x";
				CLANG_CXX_LIBRARY = "libc++";
				CLANG_ENABLE_MODULES = YES;
				CLANG_ENABLE_OBJC_ARC = YES;
				CLANG_WARN_BOOL_CONVERSION = YES;
				CLANG_WARN_CONSTANT_CONVERSION = YES;
				CLANG_WARN_DIRECT_OBJC_ISA_USAGE = YES_ERROR;
				CLANG_WARN_EMPTY_BODY = YES;
				CLANG_WARN_ENUM_CONVERSION = YES;
				CLANG_WARN_INT_CONVERSION = YES;
				CLANG_WARN_OBJC_ROOT_CLASS = YES_ERROR;
				CLANG_WARN_UNREACHABLE_CODE = YES;
				CLANG_WARN__DUPLICATE_METHOD_MATCH = YES;
				"CODE_SIGN_IDENTITY[sdk=iphoneos*]" = "iPhone Developer";
				COPY_PHASE_STRIP = YES;
				ENABLE_NS_ASSERTIONS = NO;
				ENABLE_STRICT_OBJC_MSGSEND = YES;
				GCC_C_LANGUAGE_STANDARD = gnu99;
				GCC_WARN_64_TO_32_BIT_CONVERSION = YES;
				GCC_WARN_ABOUT_RETURN_TYPE = YES_ERROR;
				GCC_WARN_UNDECLARED_SELECTOR = YES;
				GCC_WARN_UNINITIALIZED_AUTOS = YES_AGGRESSIVE;
				GCC_WARN_UNUSED_FUNCTION = YES;
				GCC_WARN_UNUSED_VARIABLE = YES;
				IPHONEOS_DEPLOYMENT_TARGET = 8.1;
				MTL_ENABLE_DEBUG_INFO = NO;
				SDKROOT = iphoneos;
				TARGETED_DEVICE_FAMILY = "1,2";
				VALIDATE_PRODUCT = YES;
			};
			name = Release;
		};
		5CD3177B1AA7CBBF00C8A33E /* Debug */ = {
			isa = XCBuildConfiguration;
			buildSettings = {
				ASSETCATALOG_COMPILER_APPICON_NAME = AppIcon;
				INFOPLIST_FILE = FlipImage/Info.plist;
				LD_RUNPATH_SEARCH_PATHS = "$(inherited) @executable_path/Frameworks";
				PRODUCT_NAME = "$(TARGET_NAME)";
			};
			name = Debug;
		};
		5CD3177C1AA7CBBF00C8A33E /* Release */ = {
			isa = XCBuildConfiguration;
			buildSettings = {
				ASSETCATALOG_COMPILER_APPICON_NAME = AppIcon;
				INFOPLIST_FILE = FlipImage/Info.plist;
				LD_RUNPATH_SEARCH_PATHS = "$(inherited) @executable_path/Frameworks";
				PRODUCT_NAME = "$(TARGET_NAME)";
			};
			name = Release;
		};
		5CD3177E1AA7CBBF00C8A33E /* Debug */ = {
			isa = XCBuildConfiguration;
			buildSettings = {
				BUNDLE_LOADER = "$(TEST_HOST)";
				FRAMEWORK_SEARCH_PATHS = (
					"$(SDKROOT)/Developer/Library/Frameworks",
					"$(inherited)",
				);
				GCC_PREPROCESSOR_DEFINITIONS = (
					"DEBUG=1",
					"$(inherited)",
				);
				INFOPLIST_FILE = FlipImageTests/Info.plist;
				LD_RUNPATH_SEARCH_PATHS = "$(inherited) @executable_path/Frameworks @loader_path/Frameworks";
				PRODUCT_NAME = "$(TARGET_NAME)";
				TEST_HOST = "$(BUILT_PRODUCTS_DIR)/FlipImage.app/FlipImage";
			};
			name = Debug;
		};
		5CD3177F1AA7CBBF00C8A33E /* Release */ = {
			isa = XCBuildConfiguration;
			buildSettings = {
				BUNDLE_LOADER = "$(TEST_HOST)";
				FRAMEWORK_SEARCH_PATHS = (
					"$(SDKROOT)/Developer/Library/Frameworks",
					"$(inherited)",
				);
				INFOPLIST_FILE = FlipImageTests/Info.plist;
				LD_RUNPATH_SEARCH_PATHS = "$(inherited) @executable_path/Frameworks @loader_path/Frameworks";
				PRODUCT_NAME = "$(TARGET_NAME)";
				TEST_HOST = "$(BUILT_PRODUCTS_DIR)/FlipImage.app/FlipImage";
			};
			name = Release;
		};
/* End XCBuildConfiguration section */

/* Begin XCConfigurationList section */
		5CD317531AA7CBBE00C8A33E /* Build configuration list for PBXProject "FlipImage" */ = {
			isa = XCConfigurationList;
			buildConfigurations = (
				5CD317781AA7CBBF00C8A33E /* Debug */,
				5CD317791AA7CBBF00C8A33E /* Release */,
			);
			defaultConfigurationIsVisible = 0;
			defaultConfigurationName = Release;
		};
		5CD3177A1AA7CBBF00C8A33E /* Build configuration list for PBXNativeTarget "FlipImage" */ = {
			isa = XCConfigurationList;
			buildConfigurations = (
				5CD3177B1AA7CBBF00C8A33E /* Debug */,
				5CD3177C1AA7CBBF00C8A33E /* Release */,
			);
			defaultConfigurationIsVisible = 0;
		};
		5CD3177D1AA7CBBF00C8A33E /* Build configuration list for PBXNativeTarget "FlipImageTests" */ = {
			isa = XCConfigurationList;
			buildConfigurations = (
				5CD3177E1AA7CBBF00C8A33E /* Debug */,
				5CD3177F1AA7CBBF00C8A33E /* Release */,
			);
			defaultConfigurationIsVisible = 0;
		};
/* End XCConfigurationList section */

/* Begin XCVersionGroup section */
		5CD3175F1AA7CBBE00C8A33E /* FlipImage.xcdatamodeld */ = {
			isa = XCVersionGroup;
			children = (
				5CD317601AA7CBBE00C8A33E /* FlipImage.xcdatamodel */,
			);
			currentVersion = 5CD317601AA7CBBE00C8A33E /* FlipImage.xcdatamodel */;
			path = FlipImage.xcdatamodeld;
			sourceTree = "<group>";
			versionGroupType = wrapper.xcdatamodel;
		};
/* End XCVersionGroup section */
	};
	rootObject = 5CD317501AA7CBBE00C8A33E /* Project object */;
}
